
Microsoft Visual Studio Solution File, Format Version 12.00
# Visual Studio Version 17
VisualStudioVersion = 17.0.31903.59
MinimumVisualStudioVersion = 10.0.40219.1
Project("{FAE04EC0-301F-11D3-BF4B-00C04F79EFBC}") = "JsonLoader", "JsonLoader\JsonLoader.csproj", "{CE176AC4-56AC-4AF6-8252-981B42B08514}"
EndProject
Project("{FAE04EC0-301F-11D3-BF4B-00C04F79EFBC}") = "JsonLoaderPackage", "JsonLoaderPackage\JsonLoaderPackage.csproj", "{4B1DBB99-B3E2-4767-8CC2-2515A1581C7C}"
EndProject
Global
	GlobalSection(SolutionConfigurationPlatforms) = preSolution
		Debug|Any CPU = Debug|Any CPU
		Release|Any CPU = Release|Any CPU
	EndGlobalSection
	GlobalSection(SolutionProperties) = preSolution
		HideSolutionNode = FALSE
	EndGlobalSection
	GlobalSection(ProjectConfigurationPlatforms) = postSolution
		{CE176AC4-56AC-4AF6-8252-981B42B08514}.Debug|Any CPU.ActiveCfg = Debug|Any CPU
		{CE176AC4-56AC-4AF6-8252-981B42B08514}.Debug|Any CPU.Build.0 = Debug|Any CPU
		{CE176AC4-56AC-4AF6-8252-981B42B08514}.Release|Any CPU.ActiveCfg = Release|Any CPU
		{CE176AC4-56AC-4AF6-8252-981B42B08514}.Release|Any CPU.Build.0 = Release|Any CPU
		{DA28B5FA-A490-4819-A32C-E82357F2FD4D}.Debug|Any CPU.ActiveCfg = Debug|Any CPU
		{DA28B5FA-A490-4819-A32C-E82357F2FD4D}.Debug|Any CPU.Build.0 = Debug|Any CPU
		{DA28B5FA-A490-4819-A32C-E82357F2FD4D}.Release|Any CPU.ActiveCfg = Release|Any CPU
		{DA28B5FA-A490-4819-A32C-E82357F2FD4D}.Release|Any CPU.Build.0 = Release|Any CPU
		{4B1DBB99-B3E2-4767-8CC2-2515A1581C7C}.Debug|Any CPU.ActiveCfg = Debug|Any CPU
		{4B1DBB99-B3E2-4767-8CC2-2515A1581C7C}.Debug|Any CPU.Build.0 = Debug|Any CPU
		{4B1DBB99-B3E2-4767-8CC2-2515A1581C7C}.Release|Any CPU.ActiveCfg = Release|Any CPU
		{4B1DBB99-B3E2-4767-8CC2-2515A1581C7C}.Release|Any CPU.Build.0 = Release|Any CPU
	EndGlobalSection
EndGlobal
